{
  "name": "@honeo/sleep",
  "version": "2.2.0",
  "lockfileVersion": 2,
  "requires": true,
  "packages": {
    "": {
      "name": "@honeo/sleep",
      "version": "2.2.0",
      "license": "MIT",
      "dependencies": {
        "@honeo/check": "^2.6.0"
      }
    },
    "node_modules/@honeo/check": {
      "version": "2.6.0",
      "resolved": "https://registry.npmjs.org/@honeo/check/-/check-2.6.0.tgz",
      "integrity": "sha512-pRZPY7B2mahbGUvCkr63uP/d1FSdoVPEV0Yf6X1sm7HjfzBy5gtwx/AX6wFDsweFzTrLZVi5f4hg42XmT46fTA=="
    }
  },
  "dependencies": {
    "@honeo/check": {
      "version": "2.6.0",
      "resolved": "https://registry.npmjs.org/@honeo/check/-/check-2.6.0.tgz",
      "integrity": "sha512-pRZPY7B2mahbGUvCkr63uP/d1FSdoVPEV0Yf6X1sm7HjfzBy5gtwx/AX6wFDsweFzTrLZVi5f4hg42XmT46fTA=="
    }
  }
}
